
Microsoft Visual Studio Solution File, Format Version 12.00
# Visual Studio 15
VisualStudioVersion = 15.0.27130.2010
MinimumVisualStudioVersion = 10.0.40219.1
Project("{FAE04EC0-301F-11D3-BF4B-00C04F79EFBC}") = "SplitMethodsInBookingSystemsApps", "SplitMethodsInBookingSystemsApps\SplitMethodsInBookingSystemsApps.csproj", "{B4372760-EB5E-467C-BD97-164B928A2F0B}"
EndProject
Global
	GlobalSection(SolutionConfigurationPlatforms) = preSolution
		Debug|Any CPU = Debug|Any CPU
		Release|Any CPU = Release|Any CPU
	EndGlobalSection
	GlobalSection(ProjectConfigurationPlatforms) = postSolution
		{B4372760-EB5E-467C-BD97-164B928A2F0B}.Debug|Any CPU.ActiveCfg = Debug|Any CPU
		{B4372760-EB5E-467C-BD97-164B928A2F0B}.Debug|Any CPU.Build.0 = Debug|Any CPU
		{B4372760-EB5E-467C-BD97-164B928A2F0B}.Release|Any CPU.ActiveCfg = Release|Any CPU
		{B4372760-EB5E-467C-BD97-164B928A2F0B}.Release|Any CPU.Build.0 = Release|Any CPU
	EndGlobalSection
	GlobalSection(SolutionProperties) = preSolution
		HideSolutionNode = FALSE
	EndGlobalSection
	GlobalSection(ExtensibilityGlobals) = postSolution
		SolutionGuid = {AAAB83E6-6649-4B5C-A8A2-0C3C5B533ABE}
	EndGlobalSection
EndGlobal
